// !$*UTF8*$!
{
	archiveVersion = 1;
	classes = {
	};
	objectVersion = 46;
	objects = {

/* Begin PBXBuildFile section */
		1D60589B0D05DD56006BFB54 /* main.m in Sources */ = {isa = PBXBuildFile; fileRef = 29B97316FDCFA39411CA2CEA /* main.m */; };
		1D60589F0D05DD5A006BFB54 /* Foundation.framework in Frameworks */ = {isa = PBXBuildFile; fileRef = 1D30AB110D05D00D00671497 /* Foundation.framework */; };
		1DF5F4E00D08C38300B7A737 /* UIKit.framework in Frameworks */ = {isa = PBXBuildFile; fileRef = 1DF5F4DF0D08C38300B7A737 /* UIKit.framework */; };
		2860E328111B887F00E27156 /* AppDelegate_Phone.m in Sources */ = {isa = PBXBuildFile; fileRef = 2860E326111B887F00E27156 /* AppDelegate_Phone.m */; };
		2860E329111B887F00E27156 /* MainWindow_Phone.xib in Resources */ = {isa = PBXBuildFile; fileRef = 2860E327111B887F00E27156 /* MainWindow_Phone.xib */; };
		2860E32E111B888700E27156 /* AppDelegate_Pad.m in Sources */ = {isa = PBXBuildFile; fileRef = 2860E32C111B888700E27156 /* AppDelegate_Pad.m */; };
		2860E32F111B888700E27156 /* MainWindow_Pad.xib in Resources */ = {isa = PBXBuildFile; fileRef = 2860E32D111B888700E27156 /* MainWindow_Pad.xib */; };
		288765FD0DF74451002DB57D /* CoreGraphics.framework in Frameworks */ = {isa = PBXBuildFile; fileRef = 288765FC0DF74451002DB57D /* CoreGraphics.framework */; };
		5009FC1419A5518900CFB284 /* UINavigationController+addition.m in Sources */ = {isa = PBXBuildFile; fileRef = 5009FC1319A5518900CFB284 /* UINavigationController+addition.m */; };
		500B9F7319A4208100C91E39 /* NSMutableAttributedString+addition.m in Sources */ = {isa = PBXBuildFile; fileRef = 500B9F7219A4208100C91E39 /* NSMutableAttributedString+addition.m */; };
		500BD3A7123BF35000FC6947 /* SearchViewController.m in Sources */ = {isa = PBXBuildFile; fileRef = 500BD3A5123BF35000FC6947 /* SearchViewController.m */; };
		500BD3A8123BF35000FC6947 /* SearchViewController.xib in Resources */ = {isa = PBXBuildFile; fileRef = 500BD3A6123BF35000FC6947 /* SearchViewController.xib */; };
		5012072E164C2CE40036BA98 /* VerbOptionsViewController_Pad.m in Sources */ = {isa = PBXBuildFile; fileRef = 5012072C164C2CE40036BA98 /* VerbOptionsViewController_Pad.m */; };
		5012072F164C2CE40036BA98 /* VerbOptionsViewController_Pad.xib in Resources */ = {isa = PBXBuildFile; fileRef = 5012072D164C2CE40036BA98 /* VerbOptionsViewController_Pad.xib */; };
		501BDB7B170B4A3100F7154F /* index.min.css in Resources */ = {isa = PBXBuildFile; fileRef = 501BDB7A170B4A3100F7154F /* index.min.css */; };
		501BDB7D170B4D6B00F7154F /* MessageUI.framework in Frameworks */ = {isa = PBXBuildFile; fileRef = 501BDB7C170B4D6B00F7154F /* MessageUI.framework */; };
		501CFFAA1986BB0200F8731D /* IVViewController.m in Sources */ = {isa = PBXBuildFile; fileRef = 501CFFA91986BB0200F8731D /* IVViewController.m */; };
		501CFFAD1986BB1600F8731D /* IVTableViewController.m in Sources */ = {isa = PBXBuildFile; fileRef = 501CFFAC1986BB1600F8731D /* IVTableViewController.m */; };
		501CFFB01986BB9800F8731D /* IVWebView.m in Sources */ = {isa = PBXBuildFile; fileRef = 501CFFAF1986BB9800F8731D /* IVWebView.m */; };
		502F5543170F34BE00E7B454 /* EditNoteViewController_Pad.xib in Resources */ = {isa = PBXBuildFile; fileRef = 502F5542170F34BE00E7B454 /* EditNoteViewController_Pad.xib */; };
		5036F079160CE15700E0BECD /* MainViewController.m in Sources */ = {isa = PBXBuildFile; fileRef = 5036F077160CE15700E0BECD /* MainViewController.m */; };
		5036F07A160CE15700E0BECD /* MainViewController.xib in Resources */ = {isa = PBXBuildFile; fileRef = 5036F078160CE15700E0BECD /* MainViewController.xib */; };
		503926D916497EC900E5B24C /* VerbOptionsViewController_Phone.m in Sources */ = {isa = PBXBuildFile; fileRef = 503926D716497EC900E5B24C /* VerbOptionsViewController_Phone.m */; };
		503926DA16497EC900E5B24C /* VerbOptionsViewController_Phone.xib in Resources */ = {isa = PBXBuildFile; fileRef = 503926D816497EC900E5B24C /* VerbOptionsViewController_Phone.xib */; };
		503AACAB170F1A5B009230CD /* AVFoundation.framework in Frameworks */ = {isa = PBXBuildFile; fileRef = 503AACAA170F1A5B009230CD /* AVFoundation.framework */; };
		503AACAD170F1B01009230CD /* CoreMedia.framework in Frameworks */ = {isa = PBXBuildFile; fileRef = 503AACAC170F1B01009230CD /* CoreMedia.framework */; };
		503AACAF170F2268009230CD /* QuartzCore.framework in Frameworks */ = {isa = PBXBuildFile; fileRef = 503AACAE170F2268009230CD /* QuartzCore.framework */; };
		503B0DC212C7E0E20060B502 /* verbs.sqlite in Resources */ = {isa = PBXBuildFile; fileRef = 503B0DC112C7E0E20060B502 /* verbs.sqlite */; };
		503B0DC412C7E3A00060B502 /* CoreData.framework in Frameworks */ = {isa = PBXBuildFile; fileRef = 503B0DC312C7E3A00060B502 /* CoreData.framework */; };
		505D0FBC16C55CF3007B3A90 /* HelpViewController.m in Sources */ = {isa = PBXBuildFile; fileRef = 505D0FBA16C55CF3007B3A90 /* HelpViewController.m */; };
		505D0FBD16C55CF3007B3A90 /* HelpViewController.xib in Resources */ = {isa = PBXBuildFile; fileRef = 505D0FBB16C55CF3007B3A90 /* HelpViewController.xib */; };
		505D0FBF16C55E65007B3A90 /* help.html in Resources */ = {isa = PBXBuildFile; fileRef = 505D0FBE16C55E65007B3A90 /* help.html */; };
		505D0FCC16C5922D007B3A90 /* CloudView.m in Sources */ = {isa = PBXBuildFile; fileRef = 505D0FCB16C5922D007B3A90 /* CloudView.m */; };
		506509D51C24AF7700A740B0 /* spotlight.png in Resources */ = {isa = PBXBuildFile; fileRef = 506509D31C24AF7700A740B0 /* spotlight.png */; };
		506509D61C24AF7700A740B0 /* spotlight@2x.png in Resources */ = {isa = PBXBuildFile; fileRef = 506509D41C24AF7700A740B0 /* spotlight@2x.png */; };
		506509D81C24B21100A740B0 /* spotlight@3x.png in Resources */ = {isa = PBXBuildFile; fileRef = 506509D71C24B21100A740B0 /* spotlight@3x.png */; };
		506FE25E148E62290061045E /* PlaylistsViewController.m in Sources */ = {isa = PBXBuildFile; fileRef = 506FE25C148E62280061045E /* PlaylistsViewController.m */; };
		506FE25F148E62290061045E /* PlaylistsViewController.xib in Resources */ = {isa = PBXBuildFile; fileRef = 506FE25D148E62280061045E /* PlaylistsViewController.xib */; };
		5075F9CF1BC4512600D32FCB /* verbs.xcdatamodeld in Sources */ = {isa = PBXBuildFile; fileRef = 5075F9CC1BC4512500D32FCB /* verbs.xcdatamodeld */; };
		5075F9D01BC457DB00D32FCB /* verbs.xcdatamodeld in Resources */ = {isa = PBXBuildFile; fileRef = 5075F9CC1BC4512500D32FCB /* verbs.xcdatamodeld */; };
		5075F9D31BC45FB500D32FCB /* Quote.m in Sources */ = {isa = PBXBuildFile; fileRef = 5075F9D21BC45FB500D32FCB /* Quote.m */; };
		507F9BE11B38B0CD002B5CF4 /* SearchResultsViewController.m in Sources */ = {isa = PBXBuildFile; fileRef = 507F9BE01B38B0CD002B5CF4 /* SearchResultsViewController.m */; };
		508784E6170B6BBA00693C3C /* EditNoteViewController.m in Sources */ = {isa = PBXBuildFile; fileRef = 508784E4170B6BBA00693C3C /* EditNoteViewController.m */; };
		508784E7170B6BBA00693C3C /* EditNoteViewController_Phone.xib in Resources */ = {isa = PBXBuildFile; fileRef = 508784E5170B6BBA00693C3C /* EditNoteViewController_Phone.xib */; };
		508A582C1B9B17FA0029CF57 /* CoreSpotlight.framework in Frameworks */ = {isa = PBXBuildFile; fileRef = 508A582B1B9B17F90029CF57 /* CoreSpotlight.framework */; };
		508A582E1B9B19690029CF57 /* MobileCoreServices.framework in Frameworks */ = {isa = PBXBuildFile; fileRef = 508A582D1B9B19690029CF57 /* MobileCoreServices.framework */; };
		50A68C3F1C261464004A187C /* Security.framework in Frameworks */ = {isa = PBXBuildFile; fileRef = 50A68C3B1C261464004A187C /* Security.framework */; };
		50A68C401C261464004A187C /* SystemConfiguration.framework in Frameworks */ = {isa = PBXBuildFile; fileRef = 50A68C3C1C261464004A187C /* SystemConfiguration.framework */; };
		50A68C411C261464004A187C /* Fabric.framework in Frameworks */ = {isa = PBXBuildFile; fileRef = 50A68C3D1C261464004A187C /* Fabric.framework */; };
		50A68C421C261464004A187C /* Crashlytics.framework in Frameworks */ = {isa = PBXBuildFile; fileRef = 50A68C3E1C261464004A187C /* Crashlytics.framework */; };
		50AB34C31B39F08B00946929 /* RootNavigationController.m in Sources */ = {isa = PBXBuildFile; fileRef = 50AB34C21B39F08B00946929 /* RootNavigationController.m */; };
		50AE533F1649608500FE8879 /* Localizable.strings in Resources */ = {isa = PBXBuildFile; fileRef = 50AE53411649608500FE8879 /* Localizable.strings */; };
		50AE534716496B9B00FE8879 /* Verb+additions.m in Sources */ = {isa = PBXBuildFile; fileRef = 50AE534616496B9A00FE8879 /* Verb+additions.m */; };
		50C3A6F4161488E800317F92 /* ManagedObjectContext.m in Sources */ = {isa = PBXBuildFile; fileRef = 50C3A6F3161488E700317F92 /* ManagedObjectContext.m */; };
		50CD97E3123CFF0900E31BC8 /* ResultViewController.m in Sources */ = {isa = PBXBuildFile; fileRef = 50CD97E1123CFF0900E31BC8 /* ResultViewController.m */; };
		50CD97E4123CFF0900E31BC8 /* ResultViewController.xib in Resources */ = {isa = PBXBuildFile; fileRef = 50CD97E2123CFF0900E31BC8 /* ResultViewController.xib */; };
		50D4402816CBEEEC00D4A5DC /* QuizViewController_Pad.xib in Resources */ = {isa = PBXBuildFile; fileRef = 50D4402716CBEEEC00D4A5DC /* QuizViewController_Pad.xib */; };
		50D4402A16CBF9EE00D4A5DC /* CloudViewController_Pad.xib in Resources */ = {isa = PBXBuildFile; fileRef = 50D4402916CBF9EE00D4A5DC /* CloudViewController_Pad.xib */; };
		50D9FBA4150FDFED00990B47 /* index.html in Resources */ = {isa = PBXBuildFile; fileRef = 50D9FBA3150FDFED00990B47 /* index.html */; };
		50E31E1C16C150E10007FFBA /* CloudViewController.m in Sources */ = {isa = PBXBuildFile; fileRef = 50E31E1A16C150E10007FFBA /* CloudViewController.m */; };
		50E31E1D16C150E10007FFBA /* CloudViewController_Phone.xib in Resources */ = {isa = PBXBuildFile; fileRef = 50E31E1B16C150E10007FFBA /* CloudViewController_Phone.xib */; };
		50E33F9916C1A9C30091AE21 /* QuizViewController.m in Sources */ = {isa = PBXBuildFile; fileRef = 50E33F9716C1A9C30091AE21 /* QuizViewController.m */; };
		50E33F9A16C1A9C30091AE21 /* QuizViewController_Phone.xib in Resources */ = {isa = PBXBuildFile; fileRef = 50E33F9816C1A9C30091AE21 /* QuizViewController_Phone.xib */; };
		50E507F61614B24600B6915D /* verbs_lists_template.html in Resources */ = {isa = PBXBuildFile; fileRef = 50E507F51614B24600B6915D /* verbs_lists_template.html */; };
		50E507F91614B26B00B6915D /* Playlist+additions.m in Sources */ = {isa = PBXBuildFile; fileRef = 50E507F81614B26B00B6915D /* Playlist+additions.m */; };
		50E7A2CC1C3076D400AAAED0 /* NotificationCenter.framework in Frameworks */ = {isa = PBXBuildFile; fileRef = 50E7A2CB1C3076D400AAAED0 /* NotificationCenter.framework */; };
		50E7A2CF1C3076D400AAAED0 /* TodayViewController.swift in Sources */ = {isa = PBXBuildFile; fileRef = 50E7A2CE1C3076D400AAAED0 /* TodayViewController.swift */; };
		50E7A2D21C3076D400AAAED0 /* MainInterface.storyboard in Resources */ = {isa = PBXBuildFile; fileRef = 50E7A2D01C3076D400AAAED0 /* MainInterface.storyboard */; };
		50E7A2D61C3076D400AAAED0 /* iVerb Widget.appex in Embed App Extensions */ = {isa = PBXBuildFile; fileRef = 50E7A2CA1C3076D400AAAED0 /* iVerb Widget.appex */; settings = {ATTRIBUTES = (RemoveHeadersOnCopy, ); }; };
		50E91C6F16135B65009254F6 /* Playlist.m in Sources */ = {isa = PBXBuildFile; fileRef = 50E91C6E16135B65009254F6 /* Playlist.m */; };
		50E91C7216135B7C009254F6 /* Verb.m in Sources */ = {isa = PBXBuildFile; fileRef = 50E91C7116135B7B009254F6 /* Verb.m */; };
		50F1014D1985610C005D852F /* Images.xcassets in Resources */ = {isa = PBXBuildFile; fileRef = 50F1014C1985610C005D852F /* Images.xcassets */; };
		50F314A71611E75E00B83030 /* EditableTableViewCell.m in Sources */ = {isa = PBXBuildFile; fileRef = 50F314A61611E75E00B83030 /* EditableTableViewCell.m */; };
		50F314B31612214200B83030 /* LandscapeViewController.m in Sources */ = {isa = PBXBuildFile; fileRef = 50F314B11612214100B83030 /* LandscapeViewController.m */; };
		50F314B41612214200B83030 /* LandscapeViewController.xib in Resources */ = {isa = PBXBuildFile; fileRef = 50F314B21612214200B83030 /* LandscapeViewController.xib */; };
		9C51A90619D0650B00547659 /* Launch.xib in Resources */ = {isa = PBXBuildFile; fileRef = 9C51A90519D0650B00547659 /* Launch.xib */; };
/* End PBXBuildFile section */

/* Begin PBXContainerItemProxy section */
		50E7A2D41C3076D400AAAED0 /* PBXContainerItemProxy */ = {
			isa = PBXContainerItemProxy;
			containerPortal = 29B97313FDCFA39411CA2CEA /* Project object */;
			proxyType = 1;
			remoteGlobalIDString = 50E7A2C91C3076D400AAAED0;
			remoteInfo = Widget;
		};
/* End PBXContainerItemProxy section */

/* Begin PBXCopyFilesBuildPhase section */
		50E7A2DA1C3076D400AAAED0 /* Embed App Extensions */ = {
			isa = PBXCopyFilesBuildPhase;
			buildActionMask = 2147483647;
			dstPath = "";
			dstSubfolderSpec = 13;
			files = (
				50E7A2D61C3076D400AAAED0 /* iVerb Widget.appex in Embed App Extensions */,
			);
			name = "Embed App Extensions";
			runOnlyForDeploymentPostprocessing = 0;
		};
/* End PBXCopyFilesBuildPhase section */

/* Begin PBXFileReference section */
		1D30AB110D05D00D00671497 /* Foundation.framework */ = {isa = PBXFileReference; lastKnownFileType = wrapper.framework; name = Foundation.framework; path = System/Library/Frameworks/Foundation.framework; sourceTree = SDKROOT; };
		1D6058910D05DD3D006BFB54 /* iVerb.app */ = {isa = PBXFileReference; explicitFileType = wrapper.application; includeInIndex = 0; path = iVerb.app; sourceTree = BUILT_PRODUCTS_DIR; };
		1DF5F4DF0D08C38300B7A737 /* UIKit.framework */ = {isa = PBXFileReference; lastKnownFileType = wrapper.framework; name = UIKit.framework; path = System/Library/Frameworks/UIKit.framework; sourceTree = SDKROOT; };
		2860E325111B887F00E27156 /* AppDelegate_Phone.h */ = {isa = PBXFileReference; fileEncoding = 4; lastKnownFileType = sourcecode.c.h; path = AppDelegate_Phone.h; sourceTree = "<group>"; };
		2860E326111B887F00E27156 /* AppDelegate_Phone.m */ = {isa = PBXFileReference; fileEncoding = 4; lastKnownFileType = sourcecode.c.objc; lineEnding = 0; path = AppDelegate_Phone.m; sourceTree = "<group>"; xcLanguageSpecificationIdentifier = xcode.lang.objc; };
		2860E327111B887F00E27156 /* MainWindow_Phone.xib */ = {isa = PBXFileReference; lastKnownFileType = file.xib; path = MainWindow_Phone.xib; sourceTree = "<group>"; };
		2860E32B111B888700E27156 /* AppDelegate_Pad.h */ = {isa = PBXFileReference; fileEncoding = 4; lastKnownFileType = sourcecode.c.h; path = AppDelegate_Pad.h; sourceTree = "<group>"; };
		2860E32C111B888700E27156 /* AppDelegate_Pad.m */ = {isa = PBXFileReference; fileEncoding = 4; lastKnownFileType = sourcecode.c.objc; path = AppDelegate_Pad.m; sourceTree = "<group>"; };
		2860E32D111B888700E27156 /* MainWindow_Pad.xib */ = {isa = PBXFileReference; lastKnownFileType = file.xib; path = MainWindow_Pad.xib; sourceTree = "<group>"; };
		288765FC0DF74451002DB57D /* CoreGraphics.framework */ = {isa = PBXFileReference; lastKnownFileType = wrapper.framework; name = CoreGraphics.framework; path = System/Library/Frameworks/CoreGraphics.framework; sourceTree = SDKROOT; };
		29B97316FDCFA39411CA2CEA /* main.m */ = {isa = PBXFileReference; fileEncoding = 4; lastKnownFileType = sourcecode.c.objc; name = main.m; path = Shared/main.m; sourceTree = "<group>"; };
		32CA4F630368D1EE00C91783 /* iVerb_Prefix.pch */ = {isa = PBXFileReference; fileEncoding = 4; lastKnownFileType = sourcecode.c.h; path = iVerb_Prefix.pch; sourceTree = "<group>"; };
		5009FC1219A5518900CFB284 /* UINavigationController+addition.h */ = {isa = PBXFileReference; fileEncoding = 4; lastKnownFileType = sourcecode.c.h; path = "UINavigationController+addition.h"; sourceTree = "<group>"; };
		5009FC1319A5518900CFB284 /* UINavigationController+addition.m */ = {isa = PBXFileReference; fileEncoding = 4; lastKnownFileType = sourcecode.c.objc; path = "UINavigationController+addition.m"; sourceTree = "<group>"; };
		500B9F7119A4208100C91E39 /* NSMutableAttributedString+addition.h */ = {isa = PBXFileReference; fileEncoding = 4; lastKnownFileType = sourcecode.c.h; path = "NSMutableAttributedString+addition.h"; sourceTree = "<group>"; };
		500B9F7219A4208100C91E39 /* NSMutableAttributedString+addition.m */ = {isa = PBXFileReference; fileEncoding = 4; lastKnownFileType = sourcecode.c.objc; path = "NSMutableAttributedString+addition.m"; sourceTree = "<group>"; };
		500BD3A4123BF35000FC6947 /* SearchViewController.h */ = {isa = PBXFileReference; fileEncoding = 4; lastKnownFileType = sourcecode.c.h; path = SearchViewController.h; sourceTree = "<group>"; };
		500BD3A5123BF35000FC6947 /* SearchViewController.m */ = {isa = PBXFileReference; fileEncoding = 4; lastKnownFileType = sourcecode.c.objc; lineEnding = 0; path = SearchViewController.m; sourceTree = "<group>"; xcLanguageSpecificationIdentifier = xcode.lang.objc; };
		500BD3A6123BF35000FC6947 /* SearchViewController.xib */ = {isa = PBXFileReference; lastKnownFileType = file.xib; path = SearchViewController.xib; sourceTree = "<group>"; };
		5012072B164C2CE40036BA98 /* VerbOptionsViewController_Pad.h */ = {isa = PBXFileReference; fileEncoding = 4; lastKnownFileType = sourcecode.c.h; path = VerbOptionsViewController_Pad.h; sourceTree = "<group>"; };
		5012072C164C2CE40036BA98 /* VerbOptionsViewController_Pad.m */ = {isa = PBXFileReference; fileEncoding = 4; lastKnownFileType = sourcecode.c.objc; lineEnding = 0; path = VerbOptionsViewController_Pad.m; sourceTree = "<group>"; xcLanguageSpecificationIdentifier = xcode.lang.objc; };
		5012072D164C2CE40036BA98 /* VerbOptionsViewController_Pad.xib */ = {isa = PBXFileReference; fileEncoding = 4; lastKnownFileType = file.xib; path = VerbOptionsViewController_Pad.xib; sourceTree = "<group>"; };
		501BDB7A170B4A3100F7154F /* index.min.css */ = {isa = PBXFileReference; fileEncoding = 4; lastKnownFileType = text.css; path = index.min.css; sourceTree = "<group>"; };
		501BDB7C170B4D6B00F7154F /* MessageUI.framework */ = {isa = PBXFileReference; lastKnownFileType = wrapper.framework; name = MessageUI.framework; path = System/Library/Frameworks/MessageUI.framework; sourceTree = SDKROOT; };
		501CFFA81986BB0200F8731D /* IVViewController.h */ = {isa = PBXFileReference; fileEncoding = 4; lastKnownFileType = sourcecode.c.h; path = IVViewController.h; sourceTree = "<group>"; };
		501CFFA91986BB0200F8731D /* IVViewController.m */ = {isa = PBXFileReference; fileEncoding = 4; lastKnownFileType = sourcecode.c.objc; path = IVViewController.m; sourceTree = "<group>"; };
		501CFFAB1986BB1600F8731D /* IVTableViewController.h */ = {isa = PBXFileReference; fileEncoding = 4; lastKnownFileType = sourcecode.c.h; path = IVTableViewController.h; sourceTree = "<group>"; };
		501CFFAC1986BB1600F8731D /* IVTableViewController.m */ = {isa = PBXFileReference; fileEncoding = 4; lastKnownFileType = sourcecode.c.objc; path = IVTableViewController.m; sourceTree = "<group>"; };
		501CFFAE1986BB9800F8731D /* IVWebView.h */ = {isa = PBXFileReference; fileEncoding = 4; lastKnownFileType = sourcecode.c.h; path = IVWebView.h; sourceTree = "<group>"; };
		501CFFAF1986BB9800F8731D /* IVWebView.m */ = {isa = PBXFileReference; fileEncoding = 4; lastKnownFileType = sourcecode.c.objc; path = IVWebView.m; sourceTree = "<group>"; };
		502F5542170F34BE00E7B454 /* EditNoteViewController_Pad.xib */ = {isa = PBXFileReference; fileEncoding = 4; lastKnownFileType = file.xib; path = EditNoteViewController_Pad.xib; sourceTree = "<group>"; };
		5036F076160CE15700E0BECD /* MainViewController.h */ = {isa = PBXFileReference; fileEncoding = 4; lastKnownFileType = sourcecode.c.h; path = MainViewController.h; sourceTree = "<group>"; };
		5036F077160CE15700E0BECD /* MainViewController.m */ = {isa = PBXFileReference; fileEncoding = 4; lastKnownFileType = sourcecode.c.objc; lineEnding = 0; path = MainViewController.m; sourceTree = "<group>"; xcLanguageSpecificationIdentifier = xcode.lang.objc; };
		5036F078160CE15700E0BECD /* MainViewController.xib */ = {isa = PBXFileReference; fileEncoding = 4; lastKnownFileType = file.xib; path = MainViewController.xib; sourceTree = "<group>"; };
		503926D616497EC900E5B24C /* VerbOptionsViewController_Phone.h */ = {isa = PBXFileReference; fileEncoding = 4; lastKnownFileType = sourcecode.c.h; path = VerbOptionsViewController_Phone.h; sourceTree = "<group>"; };
		503926D716497EC900E5B24C /* VerbOptionsViewController_Phone.m */ = {isa = PBXFileReference; fileEncoding = 4; lastKnownFileType = sourcecode.c.objc; lineEnding = 0; path = VerbOptionsViewController_Phone.m; sourceTree = "<group>"; xcLanguageSpecificationIdentifier = xcode.lang.objc; };
		503926D816497EC900E5B24C /* VerbOptionsViewController_Phone.xib */ = {isa = PBXFileReference; fileEncoding = 4; lastKnownFileType = file.xib; path = VerbOptionsViewController_Phone.xib; sourceTree = "<group>"; };
		503AACAA170F1A5B009230CD /* AVFoundation.framework */ = {isa = PBXFileReference; lastKnownFileType = wrapper.framework; name = AVFoundation.framework; path = System/Library/Frameworks/AVFoundation.framework; sourceTree = SDKROOT; };
		503AACAC170F1B01009230CD /* CoreMedia.framework */ = {isa = PBXFileReference; lastKnownFileType = wrapper.framework; name = CoreMedia.framework; path = System/Library/Frameworks/CoreMedia.framework; sourceTree = SDKROOT; };
		503AACAE170F2268009230CD /* QuartzCore.framework */ = {isa = PBXFileReference; lastKnownFileType = wrapper.framework; name = QuartzCore.framework; path = System/Library/Frameworks/QuartzCore.framework; sourceTree = SDKROOT; };
		503B0DC112C7E0E20060B502 /* verbs.sqlite */ = {isa = PBXFileReference; lastKnownFileType = file; path = verbs.sqlite; sourceTree = "<group>"; };
		503B0DC312C7E3A00060B502 /* CoreData.framework */ = {isa = PBXFileReference; lastKnownFileType = wrapper.framework; name = CoreData.framework; path = System/Library/Frameworks/CoreData.framework; sourceTree = SDKROOT; };
		505D0FB916C55CF3007B3A90 /* HelpViewController.h */ = {isa = PBXFileReference; fileEncoding = 4; lastKnownFileType = sourcecode.c.h; path = HelpViewController.h; sourceTree = "<group>"; };
		505D0FBA16C55CF3007B3A90 /* HelpViewController.m */ = {isa = PBXFileReference; fileEncoding = 4; lastKnownFileType = sourcecode.c.objc; lineEnding = 0; path = HelpViewController.m; sourceTree = "<group>"; xcLanguageSpecificationIdentifier = xcode.lang.objc; };
		505D0FBB16C55CF3007B3A90 /* HelpViewController.xib */ = {isa = PBXFileReference; fileEncoding = 4; lastKnownFileType = file.xib; path = HelpViewController.xib; sourceTree = "<group>"; };
		505D0FBE16C55E65007B3A90 /* help.html */ = {isa = PBXFileReference; fileEncoding = 4; lastKnownFileType = text.html; path = help.html; sourceTree = "<group>"; };
		505D0FCA16C5922D007B3A90 /* CloudView.h */ = {isa = PBXFileReference; fileEncoding = 4; lastKnownFileType = sourcecode.c.h; path = CloudView.h; sourceTree = "<group>"; };
		505D0FCB16C5922D007B3A90 /* CloudView.m */ = {isa = PBXFileReference; fileEncoding = 4; lastKnownFileType = sourcecode.c.objc; path = CloudView.m; sourceTree = "<group>"; };
		506509D31C24AF7700A740B0 /* spotlight.png */ = {isa = PBXFileReference; lastKnownFileType = image.png; path = spotlight.png; sourceTree = "<group>"; };
		506509D41C24AF7700A740B0 /* spotlight@2x.png */ = {isa = PBXFileReference; lastKnownFileType = image.png; path = "spotlight@2x.png"; sourceTree = "<group>"; };
		506509D71C24B21100A740B0 /* spotlight@3x.png */ = {isa = PBXFileReference; lastKnownFileType = image.png; path = "spotlight@3x.png"; sourceTree = "<group>"; };
		506FE25B148E62280061045E /* PlaylistsViewController.h */ = {isa = PBXFileReference; fileEncoding = 4; lastKnownFileType = sourcecode.c.h; path = PlaylistsViewController.h; sourceTree = "<group>"; };
		506FE25C148E62280061045E /* PlaylistsViewController.m */ = {isa = PBXFileReference; fileEncoding = 4; lastKnownFileType = sourcecode.c.objc; lineEnding = 0; path = PlaylistsViewController.m; sourceTree = "<group>"; xcLanguageSpecificationIdentifier = xcode.lang.objc; };
		506FE25D148E62280061045E /* PlaylistsViewController.xib */ = {isa = PBXFileReference; fileEncoding = 4; lastKnownFileType = file.xib; path = PlaylistsViewController.xib; sourceTree = "<group>"; };
		5075F9CD1BC4512500D32FCB /* verbs 2.xcdatamodel */ = {isa = PBXFileReference; lastKnownFileType = wrapper.xcdatamodel; path = "verbs 2.xcdatamodel"; sourceTree = "<group>"; };
		5075F9CE1BC4512500D32FCB /* verbs.xcdatamodel */ = {isa = PBXFileReference; lastKnownFileType = wrapper.xcdatamodel; path = verbs.xcdatamodel; sourceTree = "<group>"; };
		5075F9D11BC45FB500D32FCB /* Quote.h */ = {isa = PBXFileReference; fileEncoding = 4; lastKnownFileType = sourcecode.c.h; name = Quote.h; path = Shared/Quote.h; sourceTree = "<group>"; };
		5075F9D21BC45FB500D32FCB /* Quote.m */ = {isa = PBXFileReference; fileEncoding = 4; lastKnownFileType = sourcecode.c.objc; name = Quote.m; path = Shared/Quote.m; sourceTree = "<group>"; };
		507F9BDF1B38B0CD002B5CF4 /* SearchResultsViewController.h */ = {isa = PBXFileReference; fileEncoding = 4; lastKnownFileType = sourcecode.c.h; path = SearchResultsViewController.h; sourceTree = "<group>"; };
		507F9BE01B38B0CD002B5CF4 /* SearchResultsViewController.m */ = {isa = PBXFileReference; fileEncoding = 4; lastKnownFileType = sourcecode.c.objc; path = SearchResultsViewController.m; sourceTree = "<group>"; };
		508784E3170B6BBA00693C3C /* EditNoteViewController.h */ = {isa = PBXFileReference; fileEncoding = 4; lastKnownFileType = sourcecode.c.h; path = EditNoteViewController.h; sourceTree = "<group>"; };
		508784E4170B6BBA00693C3C /* EditNoteViewController.m */ = {isa = PBXFileReference; fileEncoding = 4; lastKnownFileType = sourcecode.c.objc; lineEnding = 0; path = EditNoteViewController.m; sourceTree = "<group>"; xcLanguageSpecificationIdentifier = xcode.lang.objc; };
		508784E5170B6BBA00693C3C /* EditNoteViewController_Phone.xib */ = {isa = PBXFileReference; fileEncoding = 4; lastKnownFileType = file.xib; path = EditNoteViewController_Phone.xib; sourceTree = "<group>"; };
		508A582B1B9B17F90029CF57 /* CoreSpotlight.framework */ = {isa = PBXFileReference; lastKnownFileType = wrapper.framework; name = CoreSpotlight.framework; path = System/Library/Frameworks/CoreSpotlight.framework; sourceTree = SDKROOT; };
		508A582D1B9B19690029CF57 /* MobileCoreServices.framework */ = {isa = PBXFileReference; lastKnownFileType = wrapper.framework; name = MobileCoreServices.framework; path = System/Library/Frameworks/MobileCoreServices.framework; sourceTree = SDKROOT; };
		50A68C3B1C261464004A187C /* Security.framework */ = {isa = PBXFileReference; lastKnownFileType = wrapper.framework; name = Security.framework; path = System/Library/Frameworks/Security.framework; sourceTree = SDKROOT; };
		50A68C3C1C261464004A187C /* SystemConfiguration.framework */ = {isa = PBXFileReference; lastKnownFileType = wrapper.framework; name = SystemConfiguration.framework; path = System/Library/Frameworks/SystemConfiguration.framework; sourceTree = SDKROOT; };
		50A68C3D1C261464004A187C /* Fabric.framework */ = {isa = PBXFileReference; lastKnownFileType = wrapper.framework; path = Fabric.framework; sourceTree = "<group>"; };
		50A68C3E1C261464004A187C /* Crashlytics.framework */ = {isa = PBXFileReference; lastKnownFileType = wrapper.framework; path = Crashlytics.framework; sourceTree = "<group>"; };
		50AB34C11B39F08B00946929 /* RootNavigationController.h */ = {isa = PBXFileReference; fileEncoding = 4; lastKnownFileType = sourcecode.c.h; path = RootNavigationController.h; sourceTree = "<group>"; };
		50AB34C21B39F08B00946929 /* RootNavigationController.m */ = {isa = PBXFileReference; fileEncoding = 4; lastKnownFileType = sourcecode.c.objc; path = RootNavigationController.m; sourceTree = "<group>"; };
		50AE53401649608500FE8879 /* en */ = {isa = PBXFileReference; lastKnownFileType = text.plist.strings; name = en; path = en.lproj/Localizable.strings; sourceTree = "<group>"; };
		50AE534516496B9900FE8879 /* Verb+additions.h */ = {isa = PBXFileReference; fileEncoding = 4; lastKnownFileType = sourcecode.c.h; name = "Verb+additions.h"; path = "Shared/Verb+additions.h"; sourceTree = "<group>"; };
		50AE534616496B9A00FE8879 /* Verb+additions.m */ = {isa = PBXFileReference; fileEncoding = 4; lastKnownFileType = sourcecode.c.objc; name = "Verb+additions.m"; path = "Shared/Verb+additions.m"; sourceTree = "<group>"; };
		50C3A6F2161488E700317F92 /* ManagedObjectContext.h */ = {isa = PBXFileReference; fileEncoding = 4; lastKnownFileType = sourcecode.c.h; name = ManagedObjectContext.h; path = Shared/ManagedObjectContext.h; sourceTree = "<group>"; };
		50C3A6F3161488E700317F92 /* ManagedObjectContext.m */ = {isa = PBXFileReference; fileEncoding = 4; lastKnownFileType = sourcecode.c.objc; name = ManagedObjectContext.m; path = Shared/ManagedObjectContext.m; sourceTree = "<group>"; };
		50CD97E0123CFF0900E31BC8 /* ResultViewController.h */ = {isa = PBXFileReference; fileEncoding = 4; lastKnownFileType = sourcecode.c.h; path = ResultViewController.h; sourceTree = "<group>"; };
		50CD97E1123CFF0900E31BC8 /* ResultViewController.m */ = {isa = PBXFileReference; fileEncoding = 4; lastKnownFileType = sourcecode.c.objc; lineEnding = 0; path = ResultViewController.m; sourceTree = "<group>"; xcLanguageSpecificationIdentifier = xcode.lang.objc; };
		50CD97E2123CFF0900E31BC8 /* ResultViewController.xib */ = {isa = PBXFileReference; lastKnownFileType = file.xib; path = ResultViewController.xib; sourceTree = "<group>"; };
		50D4402716CBEEEC00D4A5DC /* QuizViewController_Pad.xib */ = {isa = PBXFileReference; fileEncoding = 4; lastKnownFileType = file.xib; path = QuizViewController_Pad.xib; sourceTree = "<group>"; };
		50D4402916CBF9EE00D4A5DC /* CloudViewController_Pad.xib */ = {isa = PBXFileReference; fileEncoding = 4; lastKnownFileType = file.xib; path = CloudViewController_Pad.xib; sourceTree = "<group>"; };
		50D9FBA3150FDFED00990B47 /* index.html */ = {isa = PBXFileReference; fileEncoding = 4; lastKnownFileType = text.html; path = index.html; sourceTree = "<group>"; };
		50E31E1916C150E10007FFBA /* CloudViewController.h */ = {isa = PBXFileReference; fileEncoding = 4; lastKnownFileType = sourcecode.c.h; path = CloudViewController.h; sourceTree = "<group>"; };
		50E31E1A16C150E10007FFBA /* CloudViewController.m */ = {isa = PBXFileReference; fileEncoding = 4; lastKnownFileType = sourcecode.c.objc; lineEnding = 0; path = CloudViewController.m; sourceTree = "<group>"; xcLanguageSpecificationIdentifier = xcode.lang.objc; };
		50E31E1B16C150E10007FFBA /* CloudViewController_Phone.xib */ = {isa = PBXFileReference; fileEncoding = 4; lastKnownFileType = file.xib; path = CloudViewController_Phone.xib; sourceTree = "<group>"; };
		50E33F9616C1A9C30091AE21 /* QuizViewController.h */ = {isa = PBXFileReference; fileEncoding = 4; lastKnownFileType = sourcecode.c.h; path = QuizViewController.h; sourceTree = "<group>"; };
		50E33F9716C1A9C30091AE21 /* QuizViewController.m */ = {isa = PBXFileReference; fileEncoding = 4; lastKnownFileType = sourcecode.c.objc; lineEnding = 0; path = QuizViewController.m; sourceTree = "<group>"; xcLanguageSpecificationIdentifier = xcode.lang.objc; };
		50E33F9816C1A9C30091AE21 /* QuizViewController_Phone.xib */ = {isa = PBXFileReference; fileEncoding = 4; lastKnownFileType = file.xib; path = QuizViewController_Phone.xib; sourceTree = "<group>"; };
		50E507F51614B24600B6915D /* verbs_lists_template.html */ = {isa = PBXFileReference; fileEncoding = 4; lastKnownFileType = text.html; path = verbs_lists_template.html; sourceTree = "<group>"; };
		50E507F71614B26B00B6915D /* Playlist+additions.h */ = {isa = PBXFileReference; fileEncoding = 4; lastKnownFileType = sourcecode.c.h; name = "Playlist+additions.h"; path = "Shared/Playlist+additions.h"; sourceTree = "<group>"; };
		50E507F81614B26B00B6915D /* Playlist+additions.m */ = {isa = PBXFileReference; fileEncoding = 4; lastKnownFileType = sourcecode.c.objc; name = "Playlist+additions.m"; path = "Shared/Playlist+additions.m"; sourceTree = "<group>"; };
		50E7A2CA1C3076D400AAAED0 /* iVerb Widget.appex */ = {isa = PBXFileReference; explicitFileType = "wrapper.app-extension"; includeInIndex = 0; path = "iVerb Widget.appex"; sourceTree = BUILT_PRODUCTS_DIR; };
		50E7A2CB1C3076D400AAAED0 /* NotificationCenter.framework */ = {isa = PBXFileReference; lastKnownFileType = wrapper.framework; name = NotificationCenter.framework; path = System/Library/Frameworks/NotificationCenter.framework; sourceTree = SDKROOT; };
		50E7A2CE1C3076D400AAAED0 /* TodayViewController.swift */ = {isa = PBXFileReference; lastKnownFileType = sourcecode.swift; path = TodayViewController.swift; sourceTree = "<group>"; };
		50E7A2D11C3076D400AAAED0 /* Base */ = {isa = PBXFileReference; lastKnownFileType = file.storyboard; name = Base; path = Base.lproj/MainInterface.storyboard; sourceTree = "<group>"; };
		50E7A2D31C3076D400AAAED0 /* Info.plist */ = {isa = PBXFileReference; lastKnownFileType = text.plist.xml; path = Info.plist; sourceTree = "<group>"; };
		50E7A2DB1C30810500AAAED0 /* iVerb.entitlements */ = {isa = PBXFileReference; lastKnownFileType = text.xml; name = iVerb.entitlements; path = iVerb/iVerb.entitlements; sourceTree = "<group>"; };
		50E7A2DC1C30812500AAAED0 /* iVerb Widget.entitlements */ = {isa = PBXFileReference; lastKnownFileType = text.xml; name = "iVerb Widget.entitlements"; path = "../iVerb Widget.entitlements"; sourceTree = "<group>"; };
		50E91C6D16135B65009254F6 /* Playlist.h */ = {isa = PBXFileReference; fileEncoding = 4; lastKnownFileType = sourcecode.c.h; name = Playlist.h; path = Shared/Playlist.h; sourceTree = "<group>"; };
		50E91C6E16135B65009254F6 /* Playlist.m */ = {isa = PBXFileReference; fileEncoding = 4; lastKnownFileType = sourcecode.c.objc; name = Playlist.m; path = Shared/Playlist.m; sourceTree = "<group>"; };
		50E91C7016135B7B009254F6 /* Verb.h */ = {isa = PBXFileReference; fileEncoding = 4; lastKnownFileType = sourcecode.c.h; name = Verb.h; path = Shared/Verb.h; sourceTree = "<group>"; };
		50E91C7116135B7B009254F6 /* Verb.m */ = {isa = PBXFileReference; fileEncoding = 4; lastKnownFileType = sourcecode.c.objc; name = Verb.m; path = Shared/Verb.m; sourceTree = "<group>"; };
		50F1014C1985610C005D852F /* Images.xcassets */ = {isa = PBXFileReference; lastKnownFileType = folder.assetcatalog; name = Images.xcassets; path = iVerb/Images.xcassets; sourceTree = "<group>"; };
		50F314A51611E75E00B83030 /* EditableTableViewCell.h */ = {isa = PBXFileReference; fileEncoding = 4; lastKnownFileType = sourcecode.c.h; path = EditableTableViewCell.h; sourceTree = "<group>"; };
		50F314A61611E75E00B83030 /* EditableTableViewCell.m */ = {isa = PBXFileReference; fileEncoding = 4; lastKnownFileType = sourcecode.c.objc; path = EditableTableViewCell.m; sourceTree = "<group>"; };
		50F314B01612214100B83030 /* LandscapeViewController.h */ = {isa = PBXFileReference; fileEncoding = 4; lastKnownFileType = sourcecode.c.h; path = LandscapeViewController.h; sourceTree = "<group>"; };
		50F314B11612214100B83030 /* LandscapeViewController.m */ = {isa = PBXFileReference; fileEncoding = 4; lastKnownFileType = sourcecode.c.objc; path = LandscapeViewController.m; sourceTree = "<group>"; };
		50F314B21612214200B83030 /* LandscapeViewController.xib */ = {isa = PBXFileReference; fileEncoding = 4; lastKnownFileType = file.xib; path = LandscapeViewController.xib; sourceTree = "<group>"; };
		8D1107310486CEB800E47090 /* iVerb-Info.plist */ = {isa = PBXFileReference; fileEncoding = 4; lastKnownFileType = text.plist.xml; path = "iVerb-Info.plist"; plistStructureDefinitionIdentifier = "com.apple.xcode.plist.structure-definition.iphone.info-plist"; sourceTree = "<group>"; };
		9C51A90519D0650B00547659 /* Launch.xib */ = {isa = PBXFileReference; fileEncoding = 4; lastKnownFileType = file.xib; path = Launch.xib; sourceTree = "<group>"; };
/* End PBXFileReference section */

/* Begin PBXFrameworksBuildPhase section */
		1D60588F0D05DD3D006BFB54 /* Frameworks */ = {
			isa = PBXFrameworksBuildPhase;
			buildActionMask = 2147483647;
			files = (
				508A582E1B9B19690029CF57 /* MobileCoreServices.framework in Frameworks */,
				508A582C1B9B17FA0029CF57 /* CoreSpotlight.framework in Frameworks */,
				503AACAD170F1B01009230CD /* CoreMedia.framework in Frameworks */,
				50A68C3F1C261464004A187C /* Security.framework in Frameworks */,
				503AACAB170F1A5B009230CD /* AVFoundation.framework in Frameworks */,
				501BDB7D170B4D6B00F7154F /* MessageUI.framework in Frameworks */,
				50A68C421C261464004A187C /* Crashlytics.framework in Frameworks */,
				503B0DC412C7E3A00060B502 /* CoreData.framework in Frameworks */,
				1D60589F0D05DD5A006BFB54 /* Foundation.framework in Frameworks */,
				50A68C411C261464004A187C /* Fabric.framework in Frameworks */,
				1DF5F4E00D08C38300B7A737 /* UIKit.framework in Frameworks */,
				288765FD0DF74451002DB57D /* CoreGraphics.framework in Frameworks */,
				50A68C401C261464004A187C /* SystemConfiguration.framework in Frameworks */,
				503AACAF170F2268009230CD /* QuartzCore.framework in Frameworks */,
			);
			runOnlyForDeploymentPostprocessing = 0;
		};
		50E7A2C71C3076D400AAAED0 /* Frameworks */ = {
			isa = PBXFrameworksBuildPhase;
			buildActionMask = 2147483647;
			files = (
				50E7A2CC1C3076D400AAAED0 /* NotificationCenter.framework in Frameworks */,
			);
			runOnlyForDeploymentPostprocessing = 0;
		};
/* End PBXFrameworksBuildPhase section */

/* Begin PBXGroup section */
		19C28FACFE9D520D11CA2CBB /* Products */ = {
			isa = PBXGroup;
			children = (
				1D6058910D05DD3D006BFB54 /* iVerb.app */,
				50E7A2CA1C3076D400AAAED0 /* iVerb Widget.appex */,
			);
			name = Products;
			sourceTree = "<group>";
		};
		2860E324111B887F00E27156 /* iPhone */ = {
			isa = PBXGroup;
			children = (
				2860E325111B887F00E27156 /* AppDelegate_Phone.h */,
				2860E326111B887F00E27156 /* AppDelegate_Phone.m */,
				2860E327111B887F00E27156 /* MainWindow_Phone.xib */,
				50AB34C11B39F08B00946929 /* RootNavigationController.h */,
				50AB34C21B39F08B00946929 /* RootNavigationController.m */,
				506FE25B148E62280061045E /* PlaylistsViewController.h */,
				506FE25C148E62280061045E /* PlaylistsViewController.m */,
				506FE25D148E62280061045E /* PlaylistsViewController.xib */,
				500BD3A4123BF35000FC6947 /* SearchViewController.h */,
				500BD3A5123BF35000FC6947 /* SearchViewController.m */,
				507F9BDF1B38B0CD002B5CF4 /* SearchResultsViewController.h */,
				507F9BE01B38B0CD002B5CF4 /* SearchResultsViewController.m */,
				500BD3A6123BF35000FC6947 /* SearchViewController.xib */,
				50CD97E0123CFF0900E31BC8 /* ResultViewController.h */,
				50CD97E1123CFF0900E31BC8 /* ResultViewController.m */,
				50CD97E2123CFF0900E31BC8 /* ResultViewController.xib */,
				505D0FB916C55CF3007B3A90 /* HelpViewController.h */,
				505D0FBA16C55CF3007B3A90 /* HelpViewController.m */,
				505D0FBB16C55CF3007B3A90 /* HelpViewController.xib */,
				503926D616497EC900E5B24C /* VerbOptionsViewController_Phone.h */,
				503926D716497EC900E5B24C /* VerbOptionsViewController_Phone.m */,
				503926D816497EC900E5B24C /* VerbOptionsViewController_Phone.xib */,
				50F314B01612214100B83030 /* LandscapeViewController.h */,
				50F314B11612214100B83030 /* LandscapeViewController.m */,
				50F314B21612214200B83030 /* LandscapeViewController.xib */,
				50F314A51611E75E00B83030 /* EditableTableViewCell.h */,
				50F314A61611E75E00B83030 /* EditableTableViewCell.m */,
			);
			path = iPhone;
			sourceTree = "<group>";
		};
		2860E32A111B888700E27156 /* iPad */ = {
			isa = PBXGroup;
			children = (
				2860E32B111B888700E27156 /* AppDelegate_Pad.h */,
				2860E32C111B888700E27156 /* AppDelegate_Pad.m */,
				2860E32D111B888700E27156 /* MainWindow_Pad.xib */,
				5036F076160CE15700E0BECD /* MainViewController.h */,
				5036F077160CE15700E0BECD /* MainViewController.m */,
				5036F078160CE15700E0BECD /* MainViewController.xib */,
				5012072B164C2CE40036BA98 /* VerbOptionsViewController_Pad.h */,
				5012072C164C2CE40036BA98 /* VerbOptionsViewController_Pad.m */,
				5012072D164C2CE40036BA98 /* VerbOptionsViewController_Pad.xib */,
			);
			path = iPad;
			sourceTree = "<group>";
		};
		28EEBF621118D79A00187D67 /* Shared */ = {
			isa = PBXGroup;
			children = (
				50E31E1916C150E10007FFBA /* CloudViewController.h */,
				50E31E1A16C150E10007FFBA /* CloudViewController.m */,
				50E31E1B16C150E10007FFBA /* CloudViewController_Phone.xib */,
				50D4402916CBF9EE00D4A5DC /* CloudViewController_Pad.xib */,
				505D0FCA16C5922D007B3A90 /* CloudView.h */,
				505D0FCB16C5922D007B3A90 /* CloudView.m */,
				50E33F9616C1A9C30091AE21 /* QuizViewController.h */,
				50E33F9716C1A9C30091AE21 /* QuizViewController.m */,
				50E33F9816C1A9C30091AE21 /* QuizViewController_Phone.xib */,
				50D4402716CBEEEC00D4A5DC /* QuizViewController_Pad.xib */,
				508784E3170B6BBA00693C3C /* EditNoteViewController.h */,
				508784E4170B6BBA00693C3C /* EditNoteViewController.m */,
				508784E5170B6BBA00693C3C /* EditNoteViewController_Phone.xib */,
				502F5542170F34BE00E7B454 /* EditNoteViewController_Pad.xib */,
				50C3A6F2161488E700317F92 /* ManagedObjectContext.h */,
				50C3A6F3161488E700317F92 /* ManagedObjectContext.m */,
				501CFFAE1986BB9800F8731D /* IVWebView.h */,
				501CFFAF1986BB9800F8731D /* IVWebView.m */,
				500B9F7419A4208500C91E39 /* Additions */,
				503854BF19A139C100D69D62 /* HTML Files */,
				50F314AC1611F9DD00B83030 /* Model */,
				50E7A2DB1C30810500AAAED0 /* iVerb.entitlements */,
				8D1107310486CEB800E47090 /* iVerb-Info.plist */,
				50AE53411649608500FE8879 /* Localizable.strings */,
				9C51A90519D0650B00547659 /* Launch.xib */,
				506509D31C24AF7700A740B0 /* spotlight.png */,
				506509D41C24AF7700A740B0 /* spotlight@2x.png */,
				506509D71C24B21100A740B0 /* spotlight@3x.png */,
			);
			name = Shared;
			sourceTree = "<group>";
		};
		29B97314FDCFA39411CA2CEA /* CustomTemplate */ = {
			isa = PBXGroup;
			children = (
				50F1014C1985610C005D852F /* Images.xcassets */,
				2860E32A111B888700E27156 /* iPad */,
				2860E324111B887F00E27156 /* iPhone */,
				28EEBF621118D79A00187D67 /* Shared */,
				29B97315FDCFA39411CA2CEA /* Other Sources */,
				50E7A2CD1C3076D400AAAED0 /* Widget */,
				29B97323FDCFA39411CA2CEA /* Frameworks */,
				19C28FACFE9D520D11CA2CBB /* Products */,
			);
			name = CustomTemplate;
			sourceTree = "<group>";
		};
		29B97315FDCFA39411CA2CEA /* Other Sources */ = {
			isa = PBXGroup;
			children = (
				32CA4F630368D1EE00C91783 /* iVerb_Prefix.pch */,
				29B97316FDCFA39411CA2CEA /* main.m */,
				501CFFA81986BB0200F8731D /* IVViewController.h */,
				501CFFA91986BB0200F8731D /* IVViewController.m */,
				501CFFAB1986BB1600F8731D /* IVTableViewController.h */,
				501CFFAC1986BB1600F8731D /* IVTableViewController.m */,
			);
			name = "Other Sources";
			sourceTree = "<group>";
		};
		29B97323FDCFA39411CA2CEA /* Frameworks */ = {
			isa = PBXGroup;
			children = (
				50A68C3B1C261464004A187C /* Security.framework */,
				50A68C3C1C261464004A187C /* SystemConfiguration.framework */,
				50A68C3D1C261464004A187C /* Fabric.framework */,
				50A68C3E1C261464004A187C /* Crashlytics.framework */,
				508A582D1B9B19690029CF57 /* MobileCoreServices.framework */,
				508A582B1B9B17F90029CF57 /* CoreSpotlight.framework */,
				501BDB7C170B4D6B00F7154F /* MessageUI.framework */,
				503B0DC312C7E3A00060B502 /* CoreData.framework */,
				1DF5F4DF0D08C38300B7A737 /* UIKit.framework */,
				1D30AB110D05D00D00671497 /* Foundation.framework */,
				288765FC0DF74451002DB57D /* CoreGraphics.framework */,
				503AACAA170F1A5B009230CD /* AVFoundation.framework */,
				503AACAC170F1B01009230CD /* CoreMedia.framework */,
				503AACAE170F2268009230CD /* QuartzCore.framework */,
				50E7A2CB1C3076D400AAAED0 /* NotificationCenter.framework */,
			);
			name = Frameworks;
			sourceTree = "<group>";
		};
		500B9F7419A4208500C91E39 /* Additions */ = {
			isa = PBXGroup;
			children = (
				5009FC1219A5518900CFB284 /* UINavigationController+addition.h */,
				5009FC1319A5518900CFB284 /* UINavigationController+addition.m */,
				500B9F7119A4208100C91E39 /* NSMutableAttributedString+addition.h */,
				500B9F7219A4208100C91E39 /* NSMutableAttributedString+addition.m */,
			);
			name = Additions;
			sourceTree = "<group>";
		};
		503854BF19A139C100D69D62 /* HTML Files */ = {
			isa = PBXGroup;
			children = (
				50D9FBA3150FDFED00990B47 /* index.html */,
				501BDB7A170B4A3100F7154F /* index.min.css */,
				50E507F51614B24600B6915D /* verbs_lists_template.html */,
				505D0FBE16C55E65007B3A90 /* help.html */,
			);
			name = "HTML Files";
			sourceTree = "<group>";
		};
		50E7A2CD1C3076D400AAAED0 /* Widget */ = {
			isa = PBXGroup;
			children = (
				50E7A2CE1C3076D400AAAED0 /* TodayViewController.swift */,
				50E7A2D01C3076D400AAAED0 /* MainInterface.storyboard */,
				50E7A2DC1C30812500AAAED0 /* iVerb Widget.entitlements */,
				50E7A2D31C3076D400AAAED0 /* Info.plist */,
			);
			path = Widget;
			sourceTree = "<group>";
		};
		50F314AC1611F9DD00B83030 /* Model */ = {
			isa = PBXGroup;
			children = (
				50E91C6D16135B65009254F6 /* Playlist.h */,
				50E91C6E16135B65009254F6 /* Playlist.m */,
				50E507F71614B26B00B6915D /* Playlist+additions.h */,
				50E507F81614B26B00B6915D /* Playlist+additions.m */,
				50E91C7016135B7B009254F6 /* Verb.h */,
				50E91C7116135B7B009254F6 /* Verb.m */,
				50AE534516496B9900FE8879 /* Verb+additions.h */,
				50AE534616496B9A00FE8879 /* Verb+additions.m */,
				5075F9D11BC45FB500D32FCB /* Quote.h */,
				5075F9D21BC45FB500D32FCB /* Quote.m */,
				503B0DC112C7E0E20060B502 /* verbs.sqlite */,
				5075F9CC1BC4512500D32FCB /* verbs.xcdatamodeld */,
			);
			name = Model;
			sourceTree = "<group>";
		};
/* End PBXGroup section */

/* Begin PBXNativeTarget section */
		1D6058900D05DD3D006BFB54 /* iVerb */ = {
			isa = PBXNativeTarget;
			buildConfigurationList = 1D6058960D05DD3E006BFB54 /* Build configuration list for PBXNativeTarget "iVerb" */;
			buildPhases = (
				1D60588D0D05DD3D006BFB54 /* Resources */,
				1D60588E0D05DD3D006BFB54 /* Sources */,
				1D60588F0D05DD3D006BFB54 /* Frameworks */,
				50A68C3A1C261439004A187C /* ShellScript */,
				50E7A2DA1C3076D400AAAED0 /* Embed App Extensions */,
			);
			buildRules = (
			);
			dependencies = (
				50E7A2D51C3076D400AAAED0 /* PBXTargetDependency */,
			);
			name = iVerb;
			productName = iVerb;
			productReference = 1D6058910D05DD3D006BFB54 /* iVerb.app */;
			productType = "com.apple.product-type.application";
		};
		50E7A2C91C3076D400AAAED0 /* iVerb Widget */ = {
			isa = PBXNativeTarget;
			buildConfigurationList = 50E7A2D91C3076D400AAAED0 /* Build configuration list for PBXNativeTarget "iVerb Widget" */;
			buildPhases = (
				50E7A2C61C3076D400AAAED0 /* Sources */,
				50E7A2C71C3076D400AAAED0 /* Frameworks */,
				50E7A2C81C3076D400AAAED0 /* Resources */,
			);
			buildRules = (
			);
			dependencies = (
			);
			name = "iVerb Widget";
			productName = Widget;
			productReference = 50E7A2CA1C3076D400AAAED0 /* iVerb Widget.appex */;
			productType = "com.apple.product-type.app-extension";
		};
/* End PBXNativeTarget section */

/* Begin PBXProject section */
		29B97313FDCFA39411CA2CEA /* Project object */ = {
			isa = PBXProject;
			attributes = {
				LastSwiftUpdateCheck = 0720;
				LastUpgradeCheck = 0700;
				TargetAttributes = {
					1D6058900D05DD3D006BFB54 = {
						DevelopmentTeam = 79MVQZ8SAR;
						SystemCapabilities = {
							com.apple.ApplicationGroups.iOS = {
								enabled = 1;
							};
							com.apple.Push = {
								enabled = 0;
							};
						};
					};
					50E7A2C91C3076D400AAAED0 = {
						CreatedOnToolsVersion = 7.2;
						DevelopmentTeam = 79MVQZ8SAR;
						SystemCapabilities = {
							com.apple.ApplicationGroups.iOS = {
								enabled = 1;
							};
						};
					};
				};
			};
			buildConfigurationList = C01FCF4E08A954540054247B /* Build configuration list for PBXProject "iVerb" */;
			compatibilityVersion = "Xcode 3.2";
			developmentRegion = English;
			hasScannedForEncodings = 1;
			knownRegions = (
				en,
				Base,
			);
			mainGroup = 29B97314FDCFA39411CA2CEA /* CustomTemplate */;
			projectDirPath = "";
			projectRoot = "";
			targets = (
				1D6058900D05DD3D006BFB54 /* iVerb */,
				50E7A2C91C3076D400AAAED0 /* iVerb Widget */,
			);
		};
/* End PBXProject section */

/* Begin PBXResourcesBuildPhase section */
		1D60588D0D05DD3D006BFB54 /* Resources */ = {
			isa = PBXResourcesBuildPhase;
			buildActionMask = 2147483647;
			files = (
				5075F9D01BC457DB00D32FCB /* verbs.xcdatamodeld in Resources */,
				2860E329111B887F00E27156 /* MainWindow_Phone.xib in Resources */,
				2860E32F111B888700E27156 /* MainWindow_Pad.xib in Resources */,
				500BD3A8123BF35000FC6947 /* SearchViewController.xib in Resources */,
				50CD97E4123CFF0900E31BC8 /* ResultViewController.xib in Resources */,
				503B0DC212C7E0E20060B502 /* verbs.sqlite in Resources */,
				506FE25F148E62290061045E /* PlaylistsViewController.xib in Resources */,
				50F1014D1985610C005D852F /* Images.xcassets in Resources */,
				50D9FBA4150FDFED00990B47 /* index.html in Resources */,
				5036F07A160CE15700E0BECD /* MainViewController.xib in Resources */,
				50F314B41612214200B83030 /* LandscapeViewController.xib in Resources */,
				50E507F61614B24600B6915D /* verbs_lists_template.html in Resources */,
				506509D81C24B21100A740B0 /* spotlight@3x.png in Resources */,
				50AE533F1649608500FE8879 /* Localizable.strings in Resources */,
				503926DA16497EC900E5B24C /* VerbOptionsViewController_Phone.xib in Resources */,
				506509D61C24AF7700A740B0 /* spotlight@2x.png in Resources */,
				506509D51C24AF7700A740B0 /* spotlight.png in Resources */,
				5012072F164C2CE40036BA98 /* VerbOptionsViewController_Pad.xib in Resources */,
				50E31E1D16C150E10007FFBA /* CloudViewController_Phone.xib in Resources */,
				50E33F9A16C1A9C30091AE21 /* QuizViewController_Phone.xib in Resources */,
				505D0FBD16C55CF3007B3A90 /* HelpViewController.xib in Resources */,
				505D0FBF16C55E65007B3A90 /* help.html in Resources */,
				50D4402816CBEEEC00D4A5DC /* QuizViewController_Pad.xib in Resources */,
				50D4402A16CBF9EE00D4A5DC /* CloudViewController_Pad.xib in Resources */,
				9C51A90619D0650B00547659 /* Launch.xib in Resources */,
				501BDB7B170B4A3100F7154F /* index.min.css in Resources */,
				508784E7170B6BBA00693C3C /* EditNoteViewController_Phone.xib in Resources */,
				502F5543170F34BE00E7B454 /* EditNoteViewController_Pad.xib in Resources */,
			);
			runOnlyForDeploymentPostprocessing = 0;
		};
		50E7A2C81C3076D400AAAED0 /* Resources */ = {
			isa = PBXResourcesBuildPhase;
			buildActionMask = 2147483647;
			files = (
				50E7A2D21C3076D400AAAED0 /* MainInterface.storyboard in Resources */,
			);
			runOnlyForDeploymentPostprocessing = 0;
		};
/* End PBXResourcesBuildPhase section */

/* Begin PBXShellScriptBuildPhase section */
		50A68C3A1C261439004A187C /* ShellScript */ = {
			isa = PBXShellScriptBuildPhase;
			buildActionMask = 2147483647;
			files = (
			);
			inputPaths = (
			);
			outputPaths = (
			);
			runOnlyForDeploymentPostprocessing = 0;
			shellPath = /bin/sh;
			shellScript = "./Fabric.framework/run ff25ea654b1977a1b75790328380c0a34c60cbc8 fa8b9d8838ec0b5f094ae074298a32cf17e1258999ec60df6a22edb65b557ea8\n";
		};
/* End PBXShellScriptBuildPhase section */

/* Begin PBXSourcesBuildPhase section */
		1D60588E0D05DD3D006BFB54 /* Sources */ = {
			isa = PBXSourcesBuildPhase;
			buildActionMask = 2147483647;
			files = (
				1D60589B0D05DD56006BFB54 /* main.m in Sources */,
				507F9BE11B38B0CD002B5CF4 /* SearchResultsViewController.m in Sources */,
				2860E328111B887F00E27156 /* AppDelegate_Phone.m in Sources */,
				2860E32E111B888700E27156 /* AppDelegate_Pad.m in Sources */,
				500BD3A7123BF35000FC6947 /* SearchViewController.m in Sources */,
				500B9F7319A4208100C91E39 /* NSMutableAttributedString+addition.m in Sources */,
				50CD97E3123CFF0900E31BC8 /* ResultViewController.m in Sources */,
				501CFFAD1986BB1600F8731D /* IVTableViewController.m in Sources */,
				5009FC1419A5518900CFB284 /* UINavigationController+addition.m in Sources */,
				506FE25E148E62290061045E /* PlaylistsViewController.m in Sources */,
				5036F079160CE15700E0BECD /* MainViewController.m in Sources */,
				50F314A71611E75E00B83030 /* EditableTableViewCell.m in Sources */,
				50F314B31612214200B83030 /* LandscapeViewController.m in Sources */,
				5075F9CF1BC4512600D32FCB /* verbs.xcdatamodeld in Sources */,
				50E91C6F16135B65009254F6 /* Playlist.m in Sources */,
				50E91C7216135B7C009254F6 /* Verb.m in Sources */,
				50C3A6F4161488E800317F92 /* ManagedObjectContext.m in Sources */,
				50AB34C31B39F08B00946929 /* RootNavigationController.m in Sources */,
				5075F9D31BC45FB500D32FCB /* Quote.m in Sources */,
				50E507F91614B26B00B6915D /* Playlist+additions.m in Sources */,
				50AE534716496B9B00FE8879 /* Verb+additions.m in Sources */,
				503926D916497EC900E5B24C /* VerbOptionsViewController_Phone.m in Sources */,
				5012072E164C2CE40036BA98 /* VerbOptionsViewController_Pad.m in Sources */,
				50E31E1C16C150E10007FFBA /* CloudViewController.m in Sources */,
				50E33F9916C1A9C30091AE21 /* QuizViewController.m in Sources */,
				505D0FBC16C55CF3007B3A90 /* HelpViewController.m in Sources */,
				501CFFAA1986BB0200F8731D /* IVViewController.m in Sources */,
				505D0FCC16C5922D007B3A90 /* CloudView.m in Sources */,
				508784E6170B6BBA00693C3C /* EditNoteViewController.m in Sources */,
				501CFFB01986BB9800F8731D /* IVWebView.m in Sources */,
			);
			runOnlyForDeploymentPostprocessing = 0;
		};
		50E7A2C61C3076D400AAAED0 /* Sources */ = {
			isa = PBXSourcesBuildPhase;
			buildActionMask = 2147483647;
			files = (
				50E7A2CF1C3076D400AAAED0 /* TodayViewController.swift in Sources */,
			);
			runOnlyForDeploymentPostprocessing = 0;
		};
/* End PBXSourcesBuildPhase section */

/* Begin PBXTargetDependency section */
		50E7A2D51C3076D400AAAED0 /* PBXTargetDependency */ = {
			isa = PBXTargetDependency;
			target = 50E7A2C91C3076D400AAAED0 /* iVerb Widget */;
			targetProxy = 50E7A2D41C3076D400AAAED0 /* PBXContainerItemProxy */;
		};
/* End PBXTargetDependency section */

/* Begin PBXVariantGroup section */
		50AE53411649608500FE8879 /* Localizable.strings */ = {
			isa = PBXVariantGroup;
			children = (
				50AE53401649608500FE8879 /* en */,
			);
			name = Localizable.strings;
			sourceTree = "<group>";
		};
		50E7A2D01C3076D400AAAED0 /* MainInterface.storyboard */ = {
			isa = PBXVariantGroup;
			children = (
				50E7A2D11C3076D400AAAED0 /* Base */,
			);
			name = MainInterface.storyboard;
			sourceTree = "<group>";
		};
/* End PBXVariantGroup section */

/* Begin XCBuildConfiguration section */
		1D6058940D05DD3E006BFB54 /* Debug */ = {
			isa = XCBuildConfiguration;
			buildSettings = {
				ALWAYS_SEARCH_USER_PATHS = NO;
				ASSETCATALOG_COMPILER_APPICON_NAME = AppIcon;
				ASSETCATALOG_COMPILER_LAUNCHIMAGE_NAME = LaunchImage;
				CLANG_ENABLE_OBJC_ARC = YES;
				CODE_SIGN_ENTITLEMENTS = iVerb/iVerb.entitlements;
				CODE_SIGN_IDENTITY = "iPhone Developer";
				"CODE_SIGN_IDENTITY[sdk=iphoneos*]" = "iPhone Developer";
				COPY_PHASE_STRIP = NO;
				EMBEDDED_CONTENT_CONTAINS_SWIFT = YES;
				FRAMEWORK_SEARCH_PATHS = (
					"$(inherited)",
					"$(PROJECT_DIR)",
				);
				GCC_DYNAMIC_NO_PIC = NO;
				GCC_OPTIMIZATION_LEVEL = 0;
				GCC_PRECOMPILE_PREFIX_HEADER = YES;
				GCC_PREFIX_HEADER = iVerb_Prefix.pch;
				GCC_VERSION = com.apple.compilers.llvm.clang.1_0;
				INFOPLIST_FILE = "iVerb-Info.plist";
				IPHONEOS_DEPLOYMENT_TARGET = 8.0;
				LD_RUNPATH_SEARCH_PATHS = "@executable_path/Frameworks";
				PRODUCT_BUNDLE_IDENTIFIER = com.lisacintosh.iverb;
				PRODUCT_NAME = iVerb;
				PROVISIONING_PROFILE = "";
				SDKROOT = iphoneos;
			};
			name = Debug;
		};
		1D6058950D05DD3E006BFB54 /* Release */ = {
			isa = XCBuildConfiguration;
			buildSettings = {
				ALWAYS_SEARCH_USER_PATHS = NO;
				ASSETCATALOG_COMPILER_APPICON_NAME = AppIcon;
				ASSETCATALOG_COMPILER_LAUNCHIMAGE_NAME = LaunchImage;
				CLANG_ENABLE_OBJC_ARC = YES;
				CODE_SIGN_ENTITLEMENTS = iVerb/iVerb.entitlements;
				CODE_SIGN_IDENTITY = "iPhone Developer";
				"CODE_SIGN_IDENTITY[sdk=iphoneos*]" = "iPhone Developer";
				COPY_PHASE_STRIP = YES;
				EMBEDDED_CONTENT_CONTAINS_SWIFT = YES;
				FRAMEWORK_SEARCH_PATHS = (
					"$(inherited)",
					"$(PROJECT_DIR)",
				);
				GCC_PRECOMPILE_PREFIX_HEADER = YES;
				GCC_PREFIX_HEADER = iVerb_Prefix.pch;
				GCC_VERSION = com.apple.compilers.llvm.clang.1_0;
				INFOPLIST_FILE = "iVerb-Info.plist";
				IPHONEOS_DEPLOYMENT_TARGET = 8.0;
				LD_RUNPATH_SEARCH_PATHS = "@executable_path/Frameworks";
				PRODUCT_BUNDLE_IDENTIFIER = com.lisacintosh.iverb;
				PRODUCT_NAME = iVerb;
				PROVISIONING_PROFILE = "";
				SDKROOT = iphoneos;
				VALIDATE_PRODUCT = YES;
			};
			name = Release;
		};
		50E7A2D71C3076D400AAAED0 /* Debug */ = {
			isa = XCBuildConfiguration;
			buildSettings = {
				ALWAYS_SEARCH_USER_PATHS = NO;
				CLANG_ENABLE_OBJC_ARC = YES;
				CLANG_WARN_BOOL_CONVERSION = YES;
				CLANG_WARN_CONSTANT_CONVERSION = YES;
				CLANG_WARN_DIRECT_OBJC_ISA_USAGE = YES_ERROR;
				CLANG_WARN_EMPTY_BODY = YES;
				CLANG_WARN_ENUM_CONVERSION = YES;
				CLANG_WARN_INT_CONVERSION = YES;
				CLANG_WARN_OBJC_ROOT_CLASS = YES_ERROR;
				CLANG_WARN_UNREACHABLE_CODE = YES;
				CLANG_WARN__DUPLICATE_METHOD_MATCH = YES;
				CODE_SIGN_ENTITLEMENTS = "iVerb Widget.entitlements";
				CODE_SIGN_IDENTITY = "iPhone Developer";
				"CODE_SIGN_IDENTITY[sdk=iphoneos*]" = "iPhone Developer";
				COPY_PHASE_STRIP = NO;
				DEBUG_INFORMATION_FORMAT = dwarf;
				GCC_C_LANGUAGE_STANDARD = gnu99;
				GCC_DYNAMIC_NO_PIC = NO;
				GCC_NO_COMMON_BLOCKS = YES;
				GCC_OPTIMIZATION_LEVEL = 0;
				GCC_PREPROCESSOR_DEFINITIONS = (
					"DEBUG=1",
					"$(inherited)",
				);
				GCC_WARN_64_TO_32_BIT_CONVERSION = YES;
				GCC_WARN_ABOUT_RETURN_TYPE = YES_ERROR;
				GCC_WARN_UNDECLARED_SELECTOR = YES;
				GCC_WARN_UNINITIALIZED_AUTOS = YES_AGGRESSIVE;
				GCC_WARN_UNUSED_FUNCTION = YES;
				INFOPLIST_FILE = Widget/Info.plist;
				IPHONEOS_DEPLOYMENT_TARGET = 9.2;
				LD_RUNPATH_SEARCH_PATHS = "$(inherited) @executable_path/Frameworks @executable_path/../../Frameworks";
				MTL_ENABLE_DEBUG_INFO = YES;
				PRODUCT_BUNDLE_IDENTIFIER = com.lisacintosh.iverb.widget;
				PRODUCT_NAME = "$(TARGET_NAME)";
				PROVISIONING_PROFILE = "";
				SKIP_INSTALL = YES;
				SWIFT_OPTIMIZATION_LEVEL = "-Onone";
			};
			name = Debug;
		};
		50E7A2D81C3076D400AAAED0 /* Release */ = {
			isa = XCBuildConfiguration;
			buildSettings = {
				ALWAYS_SEARCH_USER_PATHS = NO;
				CLANG_ENABLE_OBJC_ARC = YES;
				CLANG_WARN_BOOL_CONVERSION = YES;
				CLANG_WARN_CONSTANT_CONVERSION = YES;
				CLANG_WARN_DIRECT_OBJC_ISA_USAGE = YES_ERROR;
				CLANG_WARN_EMPTY_BODY = YES;
				CLANG_WARN_ENUM_CONVERSION = YES;
				CLANG_WARN_INT_CONVERSION = YES;
				CLANG_WARN_OBJC_ROOT_CLASS = YES_ERROR;
				CLANG_WARN_UNREACHABLE_CODE = YES;
				CLANG_WARN__DUPLICATE_METHOD_MATCH = YES;
				CODE_SIGN_ENTITLEMENTS = "iVerb Widget.entitlements";
				CODE_SIGN_IDENTITY = "iPhone Developer";
				"CODE_SIGN_IDENTITY[sdk=iphoneos*]" = "iPhone Developer";
				COPY_PHASE_STRIP = NO;
				DEBUG_INFORMATION_FORMAT = "dwarf-with-dsym";
				ENABLE_NS_ASSERTIONS = NO;
				GCC_C_LANGUAGE_STANDARD = gnu99;
				GCC_NO_COMMON_BLOCKS = YES;
				GCC_WARN_64_TO_32_BIT_CONVERSION = YES;
				GCC_WARN_ABOUT_RETURN_TYPE = YES_ERROR;
				GCC_WARN_UNDECLARED_SELECTOR = YES;
				GCC_WARN_UNINITIALIZED_AUTOS = YES_AGGRESSIVE;
				GCC_WARN_UNUSED_FUNCTION = YES;
				INFOPLIST_FILE = Widget/Info.plist;
				IPHONEOS_DEPLOYMENT_TARGET = 9.2;
				LD_RUNPATH_SEARCH_PATHS = "$(inherited) @executable_path/Frameworks @executable_path/../../Frameworks";
				MTL_ENABLE_DEBUG_INFO = NO;
				PRODUCT_BUNDLE_IDENTIFIER = com.lisacintosh.iverb.widget;
				PRODUCT_NAME = "$(TARGET_NAME)";
				PROVISIONING_PROFILE = "";
				SKIP_INSTALL = YES;
				VALIDATE_PRODUCT = YES;
			};
			name = Release;
		};
		C01FCF4F08A954540054247B /* Debug */ = {
			isa = XCBuildConfiguration;
			buildSettings = {
				CLANG_CXX_LANGUAGE_STANDARD = "gnu++0x";
				CLANG_CXX_LIBRARY = "libc++";
				CLANG_ENABLE_MODULES = YES;
				CODE_SIGN_IDENTITY = "iPhone Developer";
				"CODE_SIGN_IDENTITY[sdk=iphoneos*]" = "iPhone Developer";
				ENABLE_STRICT_OBJC_MSGSEND = YES;
				ENABLE_TESTABILITY = YES;
				GCC_C_LANGUAGE_STANDARD = c99;
				GCC_WARN_ABOUT_RETURN_TYPE = YES;
				GCC_WARN_UNUSED_VARIABLE = YES;
				IPHONEOS_DEPLOYMENT_TARGET = 8.0;
				ONLY_ACTIVE_ARCH = YES;
				SDKROOT = iphoneos;
				TARGETED_DEVICE_FAMILY = "1,2";
			};
			name = Debug;
		};
		C01FCF5008A954540054247B /* Release */ = {
			isa = XCBuildConfiguration;
			buildSettings = {
				CLANG_CXX_LANGUAGE_STANDARD = "gnu++0x";
				CLANG_CXX_LIBRARY = "libc++";
				CLANG_ENABLE_MODULES = YES;
				CODE_SIGN_IDENTITY = "iPhone Developer";
				"CODE_SIGN_IDENTITY[sdk=iphoneos*]" = "iPhone Developer";
				ENABLE_STRICT_OBJC_MSGSEND = YES;
				GCC_C_LANGUAGE_STANDARD = c99;
				GCC_WARN_ABOUT_RETURN_TYPE = YES;
				GCC_WARN_UNUSED_VARIABLE = YES;
				IPHONEOS_DEPLOYMENT_TARGET = 8.0;
				OTHER_CFLAGS = "-DNS_BLOCK_ASSERTIONS=1";
				SDKROOT = iphoneos;
				TARGETED_DEVICE_FAMILY = "1,2";
			};
			name = Release;
		};
/* End XCBuildConfiguration section */

/* Begin XCConfigurationList section */
		1D6058960D05DD3E006BFB54 /* Build configuration list for PBXNativeTarget "iVerb" */ = {
			isa = XCConfigurationList;
			buildConfigurations = (
				1D6058940D05DD3E006BFB54 /* Debug */,
				1D6058950D05DD3E006BFB54 /* Release */,
			);
			defaultConfigurationIsVisible = 0;
			defaultConfigurationName = Release;
		};
		50E7A2D91C3076D400AAAED0 /* Build configuration list for PBXNativeTarget "iVerb Widget" */ = {
			isa = XCConfigurationList;
			buildConfigurations = (
				50E7A2D71C3076D400AAAED0 /* Debug */,
				50E7A2D81C3076D400AAAED0 /* Release */,
			);
			defaultConfigurationIsVisible = 0;
			defaultConfigurationName = Release;
		};
		C01FCF4E08A954540054247B /* Build configuration list for PBXProject "iVerb" */ = {
			isa = XCConfigurationList;
			buildConfigurations = (
				C01FCF4F08A954540054247B /* Debug */,
				C01FCF5008A954540054247B /* Release */,
			);
			defaultConfigurationIsVisible = 0;
			defaultConfigurationName = Release;
		};
/* End XCConfigurationList section */

/* Begin XCVersionGroup section */
		5075F9CC1BC4512500D32FCB /* verbs.xcdatamodeld */ = {
			isa = XCVersionGroup;
			children = (
				5075F9CD1BC4512500D32FCB /* verbs 2.xcdatamodel */,
				5075F9CE1BC4512500D32FCB /* verbs.xcdatamodel */,
			);
			currentVersion = 5075F9CD1BC4512500D32FCB /* verbs 2.xcdatamodel */;
			path = verbs.xcdatamodeld;
			sourceTree = "<group>";
			versionGroupType = wrapper.xcdatamodel;
		};
/* End XCVersionGroup section */
	};
	rootObject = 29B97313FDCFA39411CA2CEA /* Project object */;
}
